
Microsoft Visual Studio Solution File, Format Version 12.00
# Visual Studio 2012
Project("{FAE04EC0-301F-11D3-BF4B-00C04F79EFBC}") = "BYT45", "BYT45\BYT45.csproj", "{6EAAD4BA-EAC1-4E76-9381-48504CAFE69E}"
EndProject
Global
	GlobalSection(SolutionConfigurationPlatforms) = preSolution
		Debug|Any CPU = Debug|Any CPU
		Release|Any CPU = Release|Any CPU
	EndGlobalSection
	GlobalSection(ProjectConfigurationPlatforms) = postSolution
		{6EAAD4BA-EAC1-4E76-9381-48504CAFE69E}.Debug|Any CPU.ActiveCfg = Debug|Any CPU
		{6EAAD4BA-EAC1-4E76-9381-48504CAFE69E}.Debug|Any CPU.Build.0 = Debug|Any CPU
		{6EAAD4BA-EAC1-4E76-9381-48504CAFE69E}.Release|Any CPU.ActiveCfg = Release|Any CPU
		{6EAAD4BA-EAC1-4E76-9381-48504CAFE69E}.Release|Any CPU.Build.0 = Release|Any CPU
	EndGlobalSection
	GlobalSection(SolutionProperties) = preSolution
		HideSolutionNode = FALSE
	EndGlobalSection
EndGlobal
